
Microsoft Visual Studio Solution File, Format Version 12.00
# Visual Studio Version 16
VisualStudioVersion = 16.0.30717.126
MinimumVisualStudioVersion = 10.0.40219.1
Project("{2150E333-8FDC-42A3-9474-1A3956D46DE8}") = "Solution Items", "Solution Items", "{E8129681-890B-4C27-AA6D-22FE32506A9F}"
	ProjectSection(SolutionItems) = preProject
		.editorconfig = .editorconfig
	EndProjectSection
EndProject
Project("{2150E333-8FDC-42A3-9474-1A3956D46DE8}") = "src", "src", "{CB9880B7-D2A2-4235-8985-D80760FCFCDD}"
EndProject
Project("{FAE04EC0-301F-11D3-BF4B-00C04F79EFBC}") = "Advent", "src\Advent\Advent.csproj", "{51C641E0-7C92-4739-B245-A2C946F0925F}"
EndProject
Project("{FAE04EC0-301F-11D3-BF4B-00C04F79EFBC}") = "Advent.Aoc2015", "src\Advent.Aoc2015\Advent.Aoc2015.csproj", "{3AA7ED6D-806E-46A5-8470-99CBA089EE24}"
EndProject
Project("{FAE04EC0-301F-11D3-BF4B-00C04F79EFBC}") = "Advent.Aoc2020", "src\Advent.Aoc2020\Advent.Aoc2020.csproj", "{72C8110D-C045-44B8-A75F-F2473199D34F}"
EndProject
Project("{FAE04EC0-301F-11D3-BF4B-00C04F79EFBC}") = "Advent.Util", "src\Advent.Util\Advent.Util.csproj", "{131C5411-E653-4402-9E9E-6F59CF464756}"
EndProject
Global
	GlobalSection(SolutionConfigurationPlatforms) = preSolution
		Debug|Any CPU = Debug|Any CPU
		Release|Any CPU = Release|Any CPU
	EndGlobalSection
	GlobalSection(ProjectConfigurationPlatforms) = postSolution
		{51C641E0-7C92-4739-B245-A2C946F0925F}.Debug|Any CPU.ActiveCfg = Debug|Any CPU
		{51C641E0-7C92-4739-B245-A2C946F0925F}.Debug|Any CPU.Build.0 = Debug|Any CPU
		{51C641E0-7C92-4739-B245-A2C946F0925F}.Release|Any CPU.ActiveCfg = Release|Any CPU
		{51C641E0-7C92-4739-B245-A2C946F0925F}.Release|Any CPU.Build.0 = Release|Any CPU
		{3AA7ED6D-806E-46A5-8470-99CBA089EE24}.Debug|Any CPU.ActiveCfg = Debug|Any CPU
		{3AA7ED6D-806E-46A5-8470-99CBA089EE24}.Debug|Any CPU.Build.0 = Debug|Any CPU
		{3AA7ED6D-806E-46A5-8470-99CBA089EE24}.Release|Any CPU.ActiveCfg = Release|Any CPU
		{3AA7ED6D-806E-46A5-8470-99CBA089EE24}.Release|Any CPU.Build.0 = Release|Any CPU
		{72C8110D-C045-44B8-A75F-F2473199D34F}.Debug|Any CPU.ActiveCfg = Debug|Any CPU
		{72C8110D-C045-44B8-A75F-F2473199D34F}.Debug|Any CPU.Build.0 = Debug|Any CPU
		{72C8110D-C045-44B8-A75F-F2473199D34F}.Release|Any CPU.ActiveCfg = Release|Any CPU
		{72C8110D-C045-44B8-A75F-F2473199D34F}.Release|Any CPU.Build.0 = Release|Any CPU
		{131C5411-E653-4402-9E9E-6F59CF464756}.Debug|Any CPU.ActiveCfg = Debug|Any CPU
		{131C5411-E653-4402-9E9E-6F59CF464756}.Debug|Any CPU.Build.0 = Debug|Any CPU
		{131C5411-E653-4402-9E9E-6F59CF464756}.Release|Any CPU.ActiveCfg = Release|Any CPU
		{131C5411-E653-4402-9E9E-6F59CF464756}.Release|Any CPU.Build.0 = Release|Any CPU
	EndGlobalSection
	GlobalSection(SolutionProperties) = preSolution
		HideSolutionNode = FALSE
	EndGlobalSection
	GlobalSection(ExtensibilityGlobals) = postSolution
		SolutionGuid = {3191228C-AA90-446E-844E-20A32197D27B}
	EndGlobalSection
	GlobalSection(NestedProjects) = preSolution
		{51C641E0-7C92-4739-B245-A2C946F0925F} = {CB9880B7-D2A2-4235-8985-D80760FCFCDD}
		{3AA7ED6D-806E-46A5-8470-99CBA089EE24} = {CB9880B7-D2A2-4235-8985-D80760FCFCDD}
		{72C8110D-C045-44B8-A75F-F2473199D34F} = {CB9880B7-D2A2-4235-8985-D80760FCFCDD}
		{131C5411-E653-4402-9E9E-6F59CF464756} = {CB9880B7-D2A2-4235-8985-D80760FCFCDD}
	EndGlobalSection
EndGlobal
