
Microsoft Visual Studio Solution File, Format Version 12.00
# Visual Studio Version 16
VisualStudioVersion = 16.0.30717.126
MinimumVisualStudioVersion = 10.0.40219.1
Project("{9A19103F-16F7-4668-BE54-9A1E7A4F7556}") = "advent", "advent.csproj", "{5B60F8BD-5A3B-4D0B-9AC3-883C5DDA3306}"
EndProject
Global
	GlobalSection(SolutionConfigurationPlatforms) = preSolution
		Debug|Any CPU = Debug|Any CPU
		Release|Any CPU = Release|Any CPU
	EndGlobalSection
	GlobalSection(ProjectConfigurationPlatforms) = postSolution
		{5B60F8BD-5A3B-4D0B-9AC3-883C5DDA3306}.Debug|Any CPU.ActiveCfg = Debug|Any CPU
		{5B60F8BD-5A3B-4D0B-9AC3-883C5DDA3306}.Debug|Any CPU.Build.0 = Debug|Any CPU
		{5B60F8BD-5A3B-4D0B-9AC3-883C5DDA3306}.Release|Any CPU.ActiveCfg = Release|Any CPU
		{5B60F8BD-5A3B-4D0B-9AC3-883C5DDA3306}.Release|Any CPU.Build.0 = Release|Any CPU
	EndGlobalSection
	GlobalSection(SolutionProperties) = preSolution
		HideSolutionNode = FALSE
	EndGlobalSection
	GlobalSection(ExtensibilityGlobals) = postSolution
		SolutionGuid = {3191228C-AA90-446E-844E-20A32197D27B}
	EndGlobalSection
EndGlobal
