
Microsoft Visual Studio Solution File, Format Version 12.00
# Visual Studio Version 17
VisualStudioVersion = 17.0.31903.59
MinimumVisualStudioVersion = 10.0.40219.1
Project("{2150E333-8FDC-42A3-9474-1A3956D46DE8}") = "Solution Items", "Solution Items", "{E8129681-890B-4C27-AA6D-22FE32506A9F}"
	ProjectSection(SolutionItems) = preProject
		.editorconfig = .editorconfig
	EndProjectSection
EndProject
Project("{2150E333-8FDC-42A3-9474-1A3956D46DE8}") = "src", "src", "{CB9880B7-D2A2-4235-8985-D80760FCFCDD}"
EndProject
Project("{9A19103F-16F7-4668-BE54-9A1E7A4F7556}") = "Advent", "src\Advent\Advent.csproj", "{51C641E0-7C92-4739-B245-A2C946F0925F}"
EndProject
Project("{9A19103F-16F7-4668-BE54-9A1E7A4F7556}") = "Advent.Aoc2015", "src\Advent.Aoc2015\Advent.Aoc2015.csproj", "{3AA7ED6D-806E-46A5-8470-99CBA089EE24}"
EndProject
Project("{9A19103F-16F7-4668-BE54-9A1E7A4F7556}") = "Advent.Aoc2020", "src\Advent.Aoc2020\Advent.Aoc2020.csproj", "{72C8110D-C045-44B8-A75F-F2473199D34F}"
EndProject
Project("{9A19103F-16F7-4668-BE54-9A1E7A4F7556}") = "Advent.Util", "src\Advent.Util\Advent.Util.csproj", "{131C5411-E653-4402-9E9E-6F59CF464756}"
EndProject
Project("{9A19103F-16F7-4668-BE54-9A1E7A4F7556}") = "Advent.Aoc2016", "src\Advent.Aoc2016\Advent.Aoc2016.csproj", "{EA17C714-817C-47DA-A8D0-CC4E35BF30F4}"
EndProject
Project("{9A19103F-16F7-4668-BE54-9A1E7A4F7556}") = "Advent.Aoc2021", "src\Advent.Aoc2021\Advent.Aoc2021.csproj", "{A43DF5D1-DFFA-4790-935C-7633F0E366C1}"
EndProject
Project("{9A19103F-16F7-4668-BE54-9A1E7A4F7556}") = "Advent.Aoc2022", "src\Advent.Aoc2022\Advent.Aoc2022.csproj", "{2D58EF48-8810-4FAD-A110-A1B21DD85CAC}"
EndProject
Project("{2150E333-8FDC-42A3-9474-1A3956D46DE8}") = "tests", "tests", "{69A3C0F6-8239-45AD-A9B5-1A306A770A85}"
EndProject
Project("{9A19103F-16F7-4668-BE54-9A1E7A4F7556}") = "Advent.Aoc2022.Tests", "tests\Advent.Aoc2022.Tests\Advent.Aoc2022.Tests.csproj", "{4D56341E-E253-4C3F-9105-02DA57E55BA9}"
EndProject
Project("{9A19103F-16F7-4668-BE54-9A1E7A4F7556}") = "Advent.TestUtilities", "tests\Advent.TestUtilities\Advent.TestUtilities.csproj", "{06557CF3-B09A-432F-A072-55E6DC8A9C39}"
EndProject
Project("{FAE04EC0-301F-11D3-BF4B-00C04F79EFBC}") = "Advent.Aoc2023", "src\Advent.Aoc2023\Advent.Aoc2023.csproj", "{A1425F39-6E71-4006-BAA1-1A6C493D2EC8}"
EndProject
Project("{FAE04EC0-301F-11D3-BF4B-00C04F79EFBC}") = "Advent.Aoc2023.Tests", "tests\Advent.Aoc2023.Tests\Advent.Aoc2023.Tests.csproj", "{3F023593-EB0D-44E2-813C-D6578C92E177}"
EndProject
Global
	GlobalSection(SolutionConfigurationPlatforms) = preSolution
		Debug|Any CPU = Debug|Any CPU
		Release|Any CPU = Release|Any CPU
	EndGlobalSection
	GlobalSection(ProjectConfigurationPlatforms) = postSolution
		{51C641E0-7C92-4739-B245-A2C946F0925F}.Debug|Any CPU.ActiveCfg = Debug|Any CPU
		{51C641E0-7C92-4739-B245-A2C946F0925F}.Debug|Any CPU.Build.0 = Debug|Any CPU
		{51C641E0-7C92-4739-B245-A2C946F0925F}.Release|Any CPU.ActiveCfg = Release|Any CPU
		{51C641E0-7C92-4739-B245-A2C946F0925F}.Release|Any CPU.Build.0 = Release|Any CPU
		{3AA7ED6D-806E-46A5-8470-99CBA089EE24}.Debug|Any CPU.ActiveCfg = Debug|Any CPU
		{3AA7ED6D-806E-46A5-8470-99CBA089EE24}.Debug|Any CPU.Build.0 = Debug|Any CPU
		{3AA7ED6D-806E-46A5-8470-99CBA089EE24}.Release|Any CPU.ActiveCfg = Release|Any CPU
		{3AA7ED6D-806E-46A5-8470-99CBA089EE24}.Release|Any CPU.Build.0 = Release|Any CPU
		{72C8110D-C045-44B8-A75F-F2473199D34F}.Debug|Any CPU.ActiveCfg = Debug|Any CPU
		{72C8110D-C045-44B8-A75F-F2473199D34F}.Debug|Any CPU.Build.0 = Debug|Any CPU
		{72C8110D-C045-44B8-A75F-F2473199D34F}.Release|Any CPU.ActiveCfg = Release|Any CPU
		{72C8110D-C045-44B8-A75F-F2473199D34F}.Release|Any CPU.Build.0 = Release|Any CPU
		{131C5411-E653-4402-9E9E-6F59CF464756}.Debug|Any CPU.ActiveCfg = Debug|Any CPU
		{131C5411-E653-4402-9E9E-6F59CF464756}.Debug|Any CPU.Build.0 = Debug|Any CPU
		{131C5411-E653-4402-9E9E-6F59CF464756}.Release|Any CPU.ActiveCfg = Release|Any CPU
		{131C5411-E653-4402-9E9E-6F59CF464756}.Release|Any CPU.Build.0 = Release|Any CPU
		{EA17C714-817C-47DA-A8D0-CC4E35BF30F4}.Debug|Any CPU.ActiveCfg = Debug|Any CPU
		{EA17C714-817C-47DA-A8D0-CC4E35BF30F4}.Debug|Any CPU.Build.0 = Debug|Any CPU
		{EA17C714-817C-47DA-A8D0-CC4E35BF30F4}.Release|Any CPU.ActiveCfg = Release|Any CPU
		{EA17C714-817C-47DA-A8D0-CC4E35BF30F4}.Release|Any CPU.Build.0 = Release|Any CPU
		{A43DF5D1-DFFA-4790-935C-7633F0E366C1}.Debug|Any CPU.ActiveCfg = Debug|Any CPU
		{A43DF5D1-DFFA-4790-935C-7633F0E366C1}.Debug|Any CPU.Build.0 = Debug|Any CPU
		{A43DF5D1-DFFA-4790-935C-7633F0E366C1}.Release|Any CPU.ActiveCfg = Release|Any CPU
		{A43DF5D1-DFFA-4790-935C-7633F0E366C1}.Release|Any CPU.Build.0 = Release|Any CPU
		{2D58EF48-8810-4FAD-A110-A1B21DD85CAC}.Debug|Any CPU.ActiveCfg = Debug|Any CPU
		{2D58EF48-8810-4FAD-A110-A1B21DD85CAC}.Debug|Any CPU.Build.0 = Debug|Any CPU
		{2D58EF48-8810-4FAD-A110-A1B21DD85CAC}.Release|Any CPU.ActiveCfg = Release|Any CPU
		{2D58EF48-8810-4FAD-A110-A1B21DD85CAC}.Release|Any CPU.Build.0 = Release|Any CPU
		{4D56341E-E253-4C3F-9105-02DA57E55BA9}.Debug|Any CPU.ActiveCfg = Debug|Any CPU
		{4D56341E-E253-4C3F-9105-02DA57E55BA9}.Debug|Any CPU.Build.0 = Debug|Any CPU
		{4D56341E-E253-4C3F-9105-02DA57E55BA9}.Release|Any CPU.ActiveCfg = Release|Any CPU
		{4D56341E-E253-4C3F-9105-02DA57E55BA9}.Release|Any CPU.Build.0 = Release|Any CPU
		{06557CF3-B09A-432F-A072-55E6DC8A9C39}.Debug|Any CPU.ActiveCfg = Debug|Any CPU
		{06557CF3-B09A-432F-A072-55E6DC8A9C39}.Debug|Any CPU.Build.0 = Debug|Any CPU
		{06557CF3-B09A-432F-A072-55E6DC8A9C39}.Release|Any CPU.ActiveCfg = Release|Any CPU
		{06557CF3-B09A-432F-A072-55E6DC8A9C39}.Release|Any CPU.Build.0 = Release|Any CPU
		{A1425F39-6E71-4006-BAA1-1A6C493D2EC8}.Debug|Any CPU.ActiveCfg = Debug|Any CPU
		{A1425F39-6E71-4006-BAA1-1A6C493D2EC8}.Debug|Any CPU.Build.0 = Debug|Any CPU
		{A1425F39-6E71-4006-BAA1-1A6C493D2EC8}.Release|Any CPU.ActiveCfg = Release|Any CPU
		{A1425F39-6E71-4006-BAA1-1A6C493D2EC8}.Release|Any CPU.Build.0 = Release|Any CPU
		{3F023593-EB0D-44E2-813C-D6578C92E177}.Debug|Any CPU.ActiveCfg = Debug|Any CPU
		{3F023593-EB0D-44E2-813C-D6578C92E177}.Debug|Any CPU.Build.0 = Debug|Any CPU
		{3F023593-EB0D-44E2-813C-D6578C92E177}.Release|Any CPU.ActiveCfg = Release|Any CPU
		{3F023593-EB0D-44E2-813C-D6578C92E177}.Release|Any CPU.Build.0 = Release|Any CPU
	EndGlobalSection
	GlobalSection(SolutionProperties) = preSolution
		HideSolutionNode = FALSE
	EndGlobalSection
	GlobalSection(NestedProjects) = preSolution
		{51C641E0-7C92-4739-B245-A2C946F0925F} = {CB9880B7-D2A2-4235-8985-D80760FCFCDD}
		{3AA7ED6D-806E-46A5-8470-99CBA089EE24} = {CB9880B7-D2A2-4235-8985-D80760FCFCDD}
		{72C8110D-C045-44B8-A75F-F2473199D34F} = {CB9880B7-D2A2-4235-8985-D80760FCFCDD}
		{131C5411-E653-4402-9E9E-6F59CF464756} = {CB9880B7-D2A2-4235-8985-D80760FCFCDD}
		{EA17C714-817C-47DA-A8D0-CC4E35BF30F4} = {CB9880B7-D2A2-4235-8985-D80760FCFCDD}
		{A43DF5D1-DFFA-4790-935C-7633F0E366C1} = {CB9880B7-D2A2-4235-8985-D80760FCFCDD}
		{2D58EF48-8810-4FAD-A110-A1B21DD85CAC} = {CB9880B7-D2A2-4235-8985-D80760FCFCDD}
		{4D56341E-E253-4C3F-9105-02DA57E55BA9} = {69A3C0F6-8239-45AD-A9B5-1A306A770A85}
		{06557CF3-B09A-432F-A072-55E6DC8A9C39} = {69A3C0F6-8239-45AD-A9B5-1A306A770A85}
		{A1425F39-6E71-4006-BAA1-1A6C493D2EC8} = {CB9880B7-D2A2-4235-8985-D80760FCFCDD}
		{3F023593-EB0D-44E2-813C-D6578C92E177} = {69A3C0F6-8239-45AD-A9B5-1A306A770A85}
	EndGlobalSection
	GlobalSection(ExtensibilityGlobals) = postSolution
		SolutionGuid = {3191228C-AA90-446E-844E-20A32197D27B}
	EndGlobalSection
EndGlobal
